
Microsoft Visual Studio Solution File, Format Version 12.00
# Visual Studio Version 17
VisualStudioVersion = 17.10.34804.81
MinimumVisualStudioVersion = 10.0.40219.1
Project("{9A19103F-16F7-4668-BE54-9A1E7A4F7556}") = "Odyssey.MusicMatcher", "Odyssey.MusicMatcher.csproj", "{A75895FE-B306-4D52-8AC4-23DF47ED748C}"
EndProject
Global
	GlobalSection(SolutionConfigurationPlatforms) = preSolution
		Debug|Any CPU = Debug|Any CPU
		Release|Any CPU = Release|Any CPU
	EndGlobalSection
	GlobalSection(ProjectConfigurationPlatforms) = postSolution
		{A75895FE-B306-4D52-8AC4-23DF47ED748C}.Debug|Any CPU.ActiveCfg = Debug|Any CPU
		{A75895FE-B306-4D52-8AC4-23DF47ED748C}.Debug|Any CPU.Build.0 = Debug|Any CPU
		{A75895FE-B306-4D52-8AC4-23DF47ED748C}.Release|Any CPU.ActiveCfg = Release|Any CPU
		{A75895FE-B306-4D52-8AC4-23DF47ED748C}.Release|Any CPU.Build.0 = Release|Any CPU
	EndGlobalSection
	GlobalSection(SolutionProperties) = preSolution
		HideSolutionNode = FALSE
	EndGlobalSection
	GlobalSection(ExtensibilityGlobals) = postSolution
		SolutionGuid = {F19EC588-ED2C-489E-B496-3E415EB12D53}
	EndGlobalSection
EndGlobal
