
Microsoft Visual Studio Solution File, Format Version 12.00
# Visual Studio Version 17
VisualStudioVersion = 17.10.34814.14
MinimumVisualStudioVersion = 10.0.40219.1
Project("{FAE04EC0-301F-11D3-BF4B-00C04F79EFBC}") = "Odyssey.MusicMatcherGQL", "Odyssey.MusicMatcherGQL\Odyssey.MusicMatcherGQL.csproj", "{FB3BAEBD-6407-44A5-A854-EE5D5A03972F}"
EndProject
Global
	GlobalSection(SolutionConfigurationPlatforms) = preSolution
		Debug|Any CPU = Debug|Any CPU
		Release|Any CPU = Release|Any CPU
	EndGlobalSection
	GlobalSection(ProjectConfigurationPlatforms) = postSolution
		{FB3BAEBD-6407-44A5-A854-EE5D5A03972F}.Debug|Any CPU.ActiveCfg = Debug|Any CPU
		{FB3BAEBD-6407-44A5-A854-EE5D5A03972F}.Debug|Any CPU.Build.0 = Debug|Any CPU
		{FB3BAEBD-6407-44A5-A854-EE5D5A03972F}.Release|Any CPU.ActiveCfg = Release|Any CPU
		{FB3BAEBD-6407-44A5-A854-EE5D5A03972F}.Release|Any CPU.Build.0 = Release|Any CPU
	EndGlobalSection
	GlobalSection(SolutionProperties) = preSolution
		HideSolutionNode = FALSE
	EndGlobalSection
	GlobalSection(ExtensibilityGlobals) = postSolution
		SolutionGuid = {B8471FDC-5B24-4F4B-84B9-27875123E09A}
	EndGlobalSection
EndGlobal
